
Microsoft Visual Studio Solution File, Format Version 12.00
# Visual Studio Version 17
VisualStudioVersion = 17.11.35327.3
MinimumVisualStudioVersion = 10.0.40219.1
Project("{8BC9CEB8-8B4A-11D0-8D11-00A0C91BC942}") = "Functions", "Functions\Functions.vcxproj", "{E8150668-B4FF-46A2-8607-2614AF27808C}"
EndProject
Project("{8BC9CEB8-8B4A-11D0-8D11-00A0C91BC942}") = "Loops and Arrays", "Loops and Arrays\Loops and Arrays.vcxproj", "{006A537F-E015-472D-9163-D0CEE4303990}"
EndProject
Project("{8BC9CEB8-8B4A-11D0-8D11-00A0C91BC942}") = "CIN and Variables", "CIN and Variables\CIN and Variables.vcxproj", "{4984A12F-24E0-4B05-8D88-9AF3634422A8}"
EndProject
Project("{2150E333-8FDC-42A3-9474-1A3956D46DE8}") = "Solution Items", "Solution Items", "{AD341E46-A2A6-4D39-AA2F-7D839E29D204}"
	ProjectSection(SolutionItems) = preProject
		README.md = README.md
	EndProjectSection
EndProject
Project("{8BC9CEB8-8B4A-11D0-8D11-00A0C91BC942}") = "Logical Operators and IF Statements", "Logical Operators and IF Statements\Logical Operators and IF Statements.vcxproj", "{B2BE12D8-B504-4151-AB18-A0067BE9F0D6}"
EndProject
Project("{8BC9CEB8-8B4A-11D0-8D11-00A0C91BC942}") = "Switch Case", "Switch Case\Switch Case.vcxproj", "{A579AC4E-133C-45A1-A198-D4AB07A52A57}"
EndProject
Project("{8BC9CEB8-8B4A-11D0-8D11-00A0C91BC942}") = "Debugging", "Debugging\Debugging.vcxproj", "{B389B115-1C10-4D3E-A590-75303ACAAE57}"
EndProject
Global
	GlobalSection(SolutionConfigurationPlatforms) = preSolution
		Debug|x64 = Debug|x64
		Debug|x86 = Debug|x86
		Release|x64 = Release|x64
		Release|x86 = Release|x86
	EndGlobalSection
	GlobalSection(ProjectConfigurationPlatforms) = postSolution
		{E8150668-B4FF-46A2-8607-2614AF27808C}.Debug|x64.ActiveCfg = Debug|x64
		{E8150668-B4FF-46A2-8607-2614AF27808C}.Debug|x64.Build.0 = Debug|x64
		{E8150668-B4FF-46A2-8607-2614AF27808C}.Debug|x86.ActiveCfg = Debug|Win32
		{E8150668-B4FF-46A2-8607-2614AF27808C}.Debug|x86.Build.0 = Debug|Win32
		{E8150668-B4FF-46A2-8607-2614AF27808C}.Release|x64.ActiveCfg = Release|x64
		{E8150668-B4FF-46A2-8607-2614AF27808C}.Release|x64.Build.0 = Release|x64
		{E8150668-B4FF-46A2-8607-2614AF27808C}.Release|x86.ActiveCfg = Release|Win32
		{E8150668-B4FF-46A2-8607-2614AF27808C}.Release|x86.Build.0 = Release|Win32
		{006A537F-E015-472D-9163-D0CEE4303990}.Debug|x64.ActiveCfg = Debug|x64
		{006A537F-E015-472D-9163-D0CEE4303990}.Debug|x64.Build.0 = Debug|x64
		{006A537F-E015-472D-9163-D0CEE4303990}.Debug|x86.ActiveCfg = Debug|Win32
		{006A537F-E015-472D-9163-D0CEE4303990}.Debug|x86.Build.0 = Debug|Win32
		{006A537F-E015-472D-9163-D0CEE4303990}.Release|x64.ActiveCfg = Release|x64
		{006A537F-E015-472D-9163-D0CEE4303990}.Release|x64.Build.0 = Release|x64
		{006A537F-E015-472D-9163-D0CEE4303990}.Release|x86.ActiveCfg = Release|Win32
		{006A537F-E015-472D-9163-D0CEE4303990}.Release|x86.Build.0 = Release|Win32
		{4984A12F-24E0-4B05-8D88-9AF3634422A8}.Debug|x64.ActiveCfg = Debug|x64
		{4984A12F-24E0-4B05-8D88-9AF3634422A8}.Debug|x64.Build.0 = Debug|x64
		{4984A12F-24E0-4B05-8D88-9AF3634422A8}.Debug|x86.ActiveCfg = Debug|Win32
		{4984A12F-24E0-4B05-8D88-9AF3634422A8}.Debug|x86.Build.0 = Debug|Win32
		{4984A12F-24E0-4B05-8D88-9AF3634422A8}.Release|x64.ActiveCfg = Release|x64
		{4984A12F-24E0-4B05-8D88-9AF3634422A8}.Release|x64.Build.0 = Release|x64
		{4984A12F-24E0-4B05-8D88-9AF3634422A8}.Release|x86.ActiveCfg = Release|Win32
		{4984A12F-24E0-4B05-8D88-9AF3634422A8}.Release|x86.Build.0 = Release|Win32
		{B2BE12D8-B504-4151-AB18-A0067BE9F0D6}.Debug|x64.ActiveCfg = Debug|x64
		{B2BE12D8-B504-4151-AB18-A0067BE9F0D6}.Debug|x64.Build.0 = Debug|x64
		{B2BE12D8-B504-4151-AB18-A0067BE9F0D6}.Debug|x86.ActiveCfg = Debug|Win32
		{B2BE12D8-B504-4151-AB18-A0067BE9F0D6}.Debug|x86.Build.0 = Debug|Win32
		{B2BE12D8-B504-4151-AB18-A0067BE9F0D6}.Release|x64.ActiveCfg = Release|x64
		{B2BE12D8-B504-4151-AB18-A0067BE9F0D6}.Release|x64.Build.0 = Release|x64
		{B2BE12D8-B504-4151-AB18-A0067BE9F0D6}.Release|x86.ActiveCfg = Release|Win32
		{B2BE12D8-B504-4151-AB18-A0067BE9F0D6}.Release|x86.Build.0 = Release|Win32
		{A579AC4E-133C-45A1-A198-D4AB07A52A57}.Debug|x64.ActiveCfg = Debug|x64
		{A579AC4E-133C-45A1-A198-D4AB07A52A57}.Debug|x64.Build.0 = Debug|x64
		{A579AC4E-133C-45A1-A198-D4AB07A52A57}.Debug|x86.ActiveCfg = Debug|Win32
		{A579AC4E-133C-45A1-A198-D4AB07A52A57}.Debug|x86.Build.0 = Debug|Win32
		{A579AC4E-133C-45A1-A198-D4AB07A52A57}.Release|x64.ActiveCfg = Release|x64
		{A579AC4E-133C-45A1-A198-D4AB07A52A57}.Release|x64.Build.0 = Release|x64
		{A579AC4E-133C-45A1-A198-D4AB07A52A57}.Release|x86.ActiveCfg = Release|Win32
		{A579AC4E-133C-45A1-A198-D4AB07A52A57}.Release|x86.Build.0 = Release|Win32
		{B389B115-1C10-4D3E-A590-75303ACAAE57}.Debug|x64.ActiveCfg = Debug|x64
		{B389B115-1C10-4D3E-A590-75303ACAAE57}.Debug|x64.Build.0 = Debug|x64
		{B389B115-1C10-4D3E-A590-75303ACAAE57}.Debug|x86.ActiveCfg = Debug|Win32
		{B389B115-1C10-4D3E-A590-75303ACAAE57}.Debug|x86.Build.0 = Debug|Win32
		{B389B115-1C10-4D3E-A590-75303ACAAE57}.Release|x64.ActiveCfg = Release|x64
		{B389B115-1C10-4D3E-A590-75303ACAAE57}.Release|x64.Build.0 = Release|x64
		{B389B115-1C10-4D3E-A590-75303ACAAE57}.Release|x86.ActiveCfg = Release|Win32
		{B389B115-1C10-4D3E-A590-75303ACAAE57}.Release|x86.Build.0 = Release|Win32
	EndGlobalSection
	GlobalSection(SolutionProperties) = preSolution
		HideSolutionNode = FALSE
	EndGlobalSection
	GlobalSection(ExtensibilityGlobals) = postSolution
		SolutionGuid = {B49A081E-E6AE-4877-AA81-4A5F922628D8}
	EndGlobalSection
EndGlobal
